
Microsoft Visual Studio Solution File, Format Version 12.00
# Visual Studio 15
VisualStudioVersion = 15.0.28307.852
MinimumVisualStudioVersion = 10.0.40219.1
Project("{9A19103F-16F7-4668-BE54-9A1E7A4F7556}") = "Pacient.API", "Pacient.API\Pacient.API.csproj", "{B645BAC4-1614-42BB-A57E-6A01ED2477A7}"
EndProject
Project("{9A19103F-16F7-4668-BE54-9A1E7A4F7556}") = "Authenticator.API", "Authenticator.API\Authenticator.API.csproj", "{830FA096-BC48-4E14-AD48-7DC80063D21F}"
EndProject
Project("{2150E333-8FDC-42A3-9474-1A3956D46DE8}") = "Solution Items", "Solution Items", "{3E9A3EA8-9257-425E-8DAB-F88A4DF50C77}"
	ProjectSection(SolutionItems) = preProject
		1.Tasks.txt = 1.Tasks.txt
	EndProjectSection
EndProject
Global
	GlobalSection(SolutionConfigurationPlatforms) = preSolution
		Debug|Any CPU = Debug|Any CPU
		Release|Any CPU = Release|Any CPU
	EndGlobalSection
	GlobalSection(ProjectConfigurationPlatforms) = postSolution
		{B645BAC4-1614-42BB-A57E-6A01ED2477A7}.Debug|Any CPU.ActiveCfg = Debug|Any CPU
		{B645BAC4-1614-42BB-A57E-6A01ED2477A7}.Debug|Any CPU.Build.0 = Debug|Any CPU
		{B645BAC4-1614-42BB-A57E-6A01ED2477A7}.Release|Any CPU.ActiveCfg = Release|Any CPU
		{B645BAC4-1614-42BB-A57E-6A01ED2477A7}.Release|Any CPU.Build.0 = Release|Any CPU
		{830FA096-BC48-4E14-AD48-7DC80063D21F}.Debug|Any CPU.ActiveCfg = Debug|Any CPU
		{830FA096-BC48-4E14-AD48-7DC80063D21F}.Debug|Any CPU.Build.0 = Debug|Any CPU
		{830FA096-BC48-4E14-AD48-7DC80063D21F}.Release|Any CPU.ActiveCfg = Release|Any CPU
		{830FA096-BC48-4E14-AD48-7DC80063D21F}.Release|Any CPU.Build.0 = Release|Any CPU
	EndGlobalSection
	GlobalSection(SolutionProperties) = preSolution
		HideSolutionNode = FALSE
	EndGlobalSection
	GlobalSection(ExtensibilityGlobals) = postSolution
		SolutionGuid = {AD072FD6-0CB0-4F64-AC86-4F1979EEEABA}
	EndGlobalSection
EndGlobal
